// !$*UTF8*$!
{
	archiveVersion = 1;
	classes = {
	};
	objectVersion = 46;
	objects = {

/* Begin PBXBuildFile section */
		EDFDA6DF1DE4102700254F6C /* AppDelegate.swift in Sources */ = {isa = PBXBuildFile; fileRef = EDFDA6DE1DE4102700254F6C /* AppDelegate.swift */; };
		EDFDA6E11DE4102700254F6C /* ViewController.swift in Sources */ = {isa = PBXBuildFile; fileRef = EDFDA6E01DE4102700254F6C /* ViewController.swift */; };
		EDFDA6E41DE4102700254F6C /* Main.storyboard in Resources */ = {isa = PBXBuildFile; fileRef = EDFDA6E21DE4102700254F6C /* Main.storyboard */; };
		EDFDA6E61DE4102700254F6C /* Assets.xcassets in Resources */ = {isa = PBXBuildFile; fileRef = EDFDA6E51DE4102700254F6C /* Assets.xcassets */; };
		EDFDA6E91DE4102700254F6C /* LaunchScreen.storyboard in Resources */ = {isa = PBXBuildFile; fileRef = EDFDA6E71DE4102700254F6C /* LaunchScreen.storyboard */; };
		EDFDA6F51DE4108000254F6C /* APIRequestManager.swift in Sources */ = {isa = PBXBuildFile; fileRef = EDFDA6F41DE4108000254F6C /* APIRequestManager.swift */; };
		EDFDA6F71DE4111800254F6C /* Article.swift in Sources */ = {isa = PBXBuildFile; fileRef = EDFDA6F61DE4111800254F6C /* Article.swift */; };
		EDFDA6F91DE4119B00254F6C /* ArticleTableViewController.swift in Sources */ = {isa = PBXBuildFile; fileRef = EDFDA6F81DE4119B00254F6C /* ArticleTableViewController.swift */; };
		EDFDA6FB1DE411AF00254F6C /* ArticleTableViewCell.swift in Sources */ = {isa = PBXBuildFile; fileRef = EDFDA6FA1DE411AF00254F6C /* ArticleTableViewCell.swift */; };
/* End PBXBuildFile section */

/* Begin PBXFileReference section */
		EDFDA6DB1DE4102700254F6C /* NYTTopStories.app */ = {isa = PBXFileReference; explicitFileType = wrapper.application; includeInIndex = 0; path = NYTTopStories.app; sourceTree = BUILT_PRODUCTS_DIR; };
		EDFDA6DE1DE4102700254F6C /* AppDelegate.swift */ = {isa = PBXFileReference; lastKnownFileType = sourcecode.swift; path = AppDelegate.swift; sourceTree = "<group>"; };
		EDFDA6E01DE4102700254F6C /* ViewController.swift */ = {isa = PBXFileReference; lastKnownFileType = sourcecode.swift; path = ViewController.swift; sourceTree = "<group>"; };
		EDFDA6E31DE4102700254F6C /* Base */ = {isa = PBXFileReference; lastKnownFileType = file.storyboard; name = Base; path = Base.lproj/Main.storyboard; sourceTree = "<group>"; };
		EDFDA6E51DE4102700254F6C /* Assets.xcassets */ = {isa = PBXFileReference; lastKnownFileType = folder.assetcatalog; path = Assets.xcassets; sourceTree = "<group>"; };
		EDFDA6E81DE4102700254F6C /* Base */ = {isa = PBXFileReference; lastKnownFileType = file.storyboard; name = Base; path = Base.lproj/LaunchScreen.storyboard; sourceTree = "<group>"; };
		EDFDA6EA1DE4102700254F6C /* Info.plist */ = {isa = PBXFileReference; lastKnownFileType = text.plist.xml; path = Info.plist; sourceTree = "<group>"; };
		EDFDA6F41DE4108000254F6C /* APIRequestManager.swift */ = {isa = PBXFileReference; fileEncoding = 4; lastKnownFileType = sourcecode.swift; path = APIRequestManager.swift; sourceTree = "<group>"; };
		EDFDA6F61DE4111800254F6C /* Article.swift */ = {isa = PBXFileReference; fileEncoding = 4; lastKnownFileType = sourcecode.swift; path = Article.swift; sourceTree = "<group>"; };
		EDFDA6F81DE4119B00254F6C /* ArticleTableViewController.swift */ = {isa = PBXFileReference; fileEncoding = 4; lastKnownFileType = sourcecode.swift; path = ArticleTableViewController.swift; sourceTree = "<group>"; };
		EDFDA6FA1DE411AF00254F6C /* ArticleTableViewCell.swift */ = {isa = PBXFileReference; fileEncoding = 4; lastKnownFileType = sourcecode.swift; path = ArticleTableViewCell.swift; sourceTree = "<group>"; };
/* End PBXFileReference section */

/* Begin PBXFrameworksBuildPhase section */
		EDFDA6D81DE4102700254F6C /* Frameworks */ = {
			isa = PBXFrameworksBuildPhase;
			buildActionMask = 2147483647;
			files = (
			);
			runOnlyForDeploymentPostprocessing = 0;
		};
/* End PBXFrameworksBuildPhase section */

/* Begin PBXGroup section */
		EDFDA6D21DE4102700254F6C = {
			isa = PBXGroup;
			children = (
				EDFDA6DD1DE4102700254F6C /* NYTTopStories */,
				EDFDA6DC1DE4102700254F6C /* Products */,
			);
			sourceTree = "<group>";
		};
		EDFDA6DC1DE4102700254F6C /* Products */ = {
			isa = PBXGroup;
			children = (
				EDFDA6DB1DE4102700254F6C /* NYTTopStories.app */,
			);
			name = Products;
			sourceTree = "<group>";
		};
		EDFDA6DD1DE4102700254F6C /* NYTTopStories */ = {
			isa = PBXGroup;
			children = (
				EDFDA6DE1DE4102700254F6C /* AppDelegate.swift */,
				EDFDA6F31DE4107500254F6C /* Managers */,
				EDFDA6F21DE4106D00254F6C /* Models */,
				EDFDA6F01DE4105A00254F6C /* Controllers */,
				EDFDA6F11DE4106700254F6C /* Views */,
				EDFDA6E51DE4102700254F6C /* Assets.xcassets */,
				EDFDA6EA1DE4102700254F6C /* Info.plist */,
			);
			path = NYTTopStories;
			sourceTree = "<group>";
		};
		EDFDA6F01DE4105A00254F6C /* Controllers */ = {
			isa = PBXGroup;
			children = (
				EDFDA6E01DE4102700254F6C /* ViewController.swift */,
				EDFDA6F81DE4119B00254F6C /* ArticleTableViewController.swift */,
				EDFDA6FA1DE411AF00254F6C /* ArticleTableViewCell.swift */,
			);
			name = Controllers;
			sourceTree = "<group>";
		};
		EDFDA6F11DE4106700254F6C /* Views */ = {
			isa = PBXGroup;
			children = (
				EDFDA6E21DE4102700254F6C /* Main.storyboard */,
				EDFDA6E71DE4102700254F6C /* LaunchScreen.storyboard */,
			);
			name = Views;
			sourceTree = "<group>";
		};
		EDFDA6F21DE4106D00254F6C /* Models */ = {
			isa = PBXGroup;
			children = (
				EDFDA6F61DE4111800254F6C /* Article.swift */,
			);
			name = Models;
			sourceTree = "<group>";
		};
		EDFDA6F31DE4107500254F6C /* Managers */ = {
			isa = PBXGroup;
			children = (
				EDFDA6F41DE4108000254F6C /* APIRequestManager.swift */,
			);
			name = Managers;
			sourceTree = "<group>";
		};
/* End PBXGroup section */

/* Begin PBXNativeTarget section */
		EDFDA6DA1DE4102700254F6C /* NYTTopStories */ = {
			isa = PBXNativeTarget;
			buildConfigurationList = EDFDA6ED1DE4102700254F6C /* Build configuration list for PBXNativeTarget "NYTTopStories" */;
			buildPhases = (
				EDFDA6D71DE4102700254F6C /* Sources */,
				EDFDA6D81DE4102700254F6C /* Frameworks */,
				EDFDA6D91DE4102700254F6C /* Resources */,
			);
			buildRules = (
			);
			dependencies = (
			);
			name = NYTTopStories;
			productName = NYTTopStories;
			productReference = EDFDA6DB1DE4102700254F6C /* NYTTopStories.app */;
			productType = "com.apple.product-type.application";
		};
/* End PBXNativeTarget section */

/* Begin PBXProject section */
		EDFDA6D31DE4102700254F6C /* Project object */ = {
			isa = PBXProject;
			attributes = {
				LastSwiftUpdateCheck = 0810;
				LastUpgradeCheck = 0810;
				ORGANIZATIONNAME = "Tong Lin";
				TargetAttributes = {
					EDFDA6DA1DE4102700254F6C = {
						CreatedOnToolsVersion = 8.1;
						DevelopmentTeam = 7NBTE6SY4Z;
						ProvisioningStyle = Automatic;
					};
				};
			};
			buildConfigurationList = EDFDA6D61DE4102700254F6C /* Build configuration list for PBXProject "NYTTopStories" */;
			compatibilityVersion = "Xcode 3.2";
			developmentRegion = English;
			hasScannedForEncodings = 0;
			knownRegions = (
				en,
				Base,
			);
			mainGroup = EDFDA6D21DE4102700254F6C;
			productRefGroup = EDFDA6DC1DE4102700254F6C /* Products */;
			projectDirPath = "";
			projectRoot = "";
			targets = (
				EDFDA6DA1DE4102700254F6C /* NYTTopStories */,
			);
		};
/* End PBXProject section */

/* Begin PBXResourcesBuildPhase section */
		EDFDA6D91DE4102700254F6C /* Resources */ = {
			isa = PBXResourcesBuildPhase;
			buildActionMask = 2147483647;
			files = (
				EDFDA6E91DE4102700254F6C /* LaunchScreen.storyboard in Resources */,
				EDFDA6E61DE4102700254F6C /* Assets.xcassets in Resources */,
				EDFDA6E41DE4102700254F6C /* Main.storyboard in Resources */,
			);
			runOnlyForDeploymentPostprocessing = 0;
		};
/* End PBXResourcesBuildPhase section */

/* Begin PBXSourcesBuildPhase section */
		EDFDA6D71DE4102700254F6C /* Sources */ = {
			isa = PBXSourcesBuildPhase;
			buildActionMask = 2147483647;
			files = (
				EDFDA6F91DE4119B00254F6C /* ArticleTableViewController.swift in Sources */,
				EDFDA6F71DE4111800254F6C /* Article.swift in Sources */,
				EDFDA6F51DE4108000254F6C /* APIRequestManager.swift in Sources */,
				EDFDA6E11DE4102700254F6C /* ViewController.swift in Sources */,
				EDFDA6FB1DE411AF00254F6C /* ArticleTableViewCell.swift in Sources */,
				EDFDA6DF1DE4102700254F6C /* AppDelegate.swift in Sources */,
			);
			runOnlyForDeploymentPostprocessing = 0;
		};
/* End PBXSourcesBuildPhase section */

/* Begin PBXVariantGroup section */
		EDFDA6E21DE4102700254F6C /* Main.storyboard */ = {
			isa = PBXVariantGroup;
			children = (
				EDFDA6E31DE4102700254F6C /* Base */,
			);
			name = Main.storyboard;
			sourceTree = "<group>";
		};
		EDFDA6E71DE4102700254F6C /* LaunchScreen.storyboard */ = {
			isa = PBXVariantGroup;
			children = (
				EDFDA6E81DE4102700254F6C /* Base */,
			);
			name = LaunchScreen.storyboard;
			sourceTree = "<group>";
		};
/* End PBXVariantGroup section */

/* Begin XCBuildConfiguration section */
		EDFDA6EB1DE4102700254F6C /* Debug */ = {
			isa = XCBuildConfiguration;
			buildSettings = {
				ALWAYS_SEARCH_USER_PATHS = NO;
				CLANG_ANALYZER_NONNULL = YES;
				CLANG_CXX_LANGUAGE_STANDARD = "gnu++0x";
				CLANG_CXX_LIBRARY = "libc++";
				CLANG_ENABLE_MODULES = YES;
				CLANG_ENABLE_OBJC_ARC = YES;
				CLANG_WARN_BOOL_CONVERSION = YES;
				CLANG_WARN_CONSTANT_CONVERSION = YES;
				CLANG_WARN_DIRECT_OBJC_ISA_USAGE = YES_ERROR;
				CLANG_WARN_DOCUMENTATION_COMMENTS = YES;
				CLANG_WARN_EMPTY_BODY = YES;
				CLANG_WARN_ENUM_CONVERSION = YES;
				CLANG_WARN_INFINITE_RECURSION = YES;
				CLANG_WARN_INT_CONVERSION = YES;
				CLANG_WARN_OBJC_ROOT_CLASS = YES_ERROR;
				CLANG_WARN_SUSPICIOUS_MOVES = YES;
				CLANG_WARN_UNREACHABLE_CODE = YES;
				CLANG_WARN__DUPLICATE_METHOD_MATCH = YES;
				"CODE_SIGN_IDENTITY[sdk=iphoneos*]" = "iPhone Developer";
				COPY_PHASE_STRIP = NO;
				DEBUG_INFORMATION_FORMAT = dwarf;
				ENABLE_STRICT_OBJC_MSGSEND = YES;
				ENABLE_TESTABILITY = YES;
				GCC_C_LANGUAGE_STANDARD = gnu99;
				GCC_DYNAMIC_NO_PIC = NO;
				GCC_NO_COMMON_BLOCKS = YES;
				GCC_OPTIMIZATION_LEVEL = 0;
				GCC_PREPROCESSOR_DEFINITIONS = (
					"DEBUG=1",
					"$(inherited)",
				);
				GCC_WARN_64_TO_32_BIT_CONVERSION = YES;
				GCC_WARN_ABOUT_RETURN_TYPE = YES_ERROR;
				GCC_WARN_UNDECLARED_SELECTOR = YES;
				GCC_WARN_UNINITIALIZED_AUTOS = YES_AGGRESSIVE;
				GCC_WARN_UNUSED_FUNCTION = YES;
				GCC_WARN_UNUSED_VARIABLE = YES;
				IPHONEOS_DEPLOYMENT_TARGET = 10.1;
				MTL_ENABLE_DEBUG_INFO = YES;
				ONLY_ACTIVE_ARCH = YES;
				SDKROOT = iphoneos;
				SWIFT_ACTIVE_COMPILATION_CONDITIONS = DEBUG;
				SWIFT_OPTIMIZATION_LEVEL = "-Onone";
				TARGETED_DEVICE_FAMILY = "1,2";
			};
			name = Debug;
		};
		EDFDA6EC1DE4102700254F6C /* Release */ = {
			isa = XCBuildConfiguration;
			buildSettings = {
				ALWAYS_SEARCH_USER_PATHS = NO;
				CLANG_ANALYZER_NONNULL = YES;
				CLANG_CXX_LANGUAGE_STANDARD = "gnu++0x";
				CLANG_CXX_LIBRARY = "libc++";
				CLANG_ENABLE_MODULES = YES;
				CLANG_ENABLE_OBJC_ARC = YES;
				CLANG_WARN_BOOL_CONVERSION = YES;
				CLANG_WARN_CONSTANT_CONVERSION = YES;
				CLANG_WARN_DIRECT_OBJC_ISA_USAGE = YES_ERROR;
				CLANG_WARN_DOCUMENTATION_COMMENTS = YES;
				CLANG_WARN_EMPTY_BODY = YES;
				CLANG_WARN_ENUM_CONVERSION = YES;
				CLANG_WARN_INFINITE_RECURSION = YES;
				CLANG_WARN_INT_CONVERSION = YES;
				CLANG_WARN_OBJC_ROOT_CLASS = YES_ERROR;
				CLANG_WARN_SUSPICIOUS_MOVES = YES;
				CLANG_WARN_UNREACHABLE_CODE = YES;
				CLANG_WARN__DUPLICATE_METHOD_MATCH = YES;
				"CODE_SIGN_IDENTITY[sdk=iphoneos*]" = "iPhone Developer";
				COPY_PHASE_STRIP = NO;
				DEBUG_INFORMATION_FORMAT = "dwarf-with-dsym";
				ENABLE_NS_ASSERTIONS = NO;
				ENABLE_STRICT_OBJC_MSGSEND = YES;
				GCC_C_LANGUAGE_STANDARD = gnu99;
				GCC_NO_COMMON_BLOCKS = YES;
				GCC_WARN_64_TO_32_BIT_CONVERSION = YES;
				GCC_WARN_ABOUT_RETURN_TYPE = YES_ERROR;
				GCC_WARN_UNDECLARED_SELECTOR = YES;
				GCC_WARN_UNINITIALIZED_AUTOS = YES_AGGRESSIVE;
				GCC_WARN_UNUSED_FUNCTION = YES;
				GCC_WARN_UNUSED_VARIABLE = YES;
				IPHONEOS_DEPLOYMENT_TARGET = 10.1;
				MTL_ENABLE_DEBUG_INFO = NO;
				SDKROOT = iphoneos;
				SWIFT_OPTIMIZATION_LEVEL = "-Owholemodule";
				TARGETED_DEVICE_FAMILY = "1,2";
				VALIDATE_PRODUCT = YES;
			};
			name = Release;
		};
		EDFDA6EE1DE4102700254F6C /* Debug */ = {
			isa = XCBuildConfiguration;
			buildSettings = {
				ASSETCATALOG_COMPILER_APPICON_NAME = AppIcon;
				DEVELOPMENT_TEAM = 7NBTE6SY4Z;
				INFOPLIST_FILE = NYTTopStories/Info.plist;
				LD_RUNPATH_SEARCH_PATHS = "$(inherited) @executable_path/Frameworks";
				PRODUCT_BUNDLE_IDENTIFIER = "tonglin.t91-gmail.com.NYTTopStories";
				PRODUCT_NAME = "$(TARGET_NAME)";
				SWIFT_VERSION = 3.0;
			};
			name = Debug;
		};
		EDFDA6EF1DE4102700254F6C /* Release */ = {
			isa = XCBuildConfiguration;
			buildSettings = {
				ASSETCATALOG_COMPILER_APPICON_NAME = AppIcon;
				DEVELOPMENT_TEAM = 7NBTE6SY4Z;
				INFOPLIST_FILE = NYTTopStories/Info.plist;
				LD_RUNPATH_SEARCH_PATHS = "$(inherited) @executable_path/Frameworks";
				PRODUCT_BUNDLE_IDENTIFIER = "tonglin.t91-gmail.com.NYTTopStories";
				PRODUCT_NAME = "$(TARGET_NAME)";
				SWIFT_VERSION = 3.0;
			};
			name = Release;
		};
/* End XCBuildConfiguration section */

/* Begin XCConfigurationList section */
		EDFDA6D61DE4102700254F6C /* Build configuration list for PBXProject "NYTTopStories" */ = {
			isa = XCConfigurationList;
			buildConfigurations = (
				EDFDA6EB1DE4102700254F6C /* Debug */,
				EDFDA6EC1DE4102700254F6C /* Release */,
			);
			defaultConfigurationIsVisible = 0;
			defaultConfigurationName = Release;
		};
		EDFDA6ED1DE4102700254F6C /* Build configuration list for PBXNativeTarget "NYTTopStories" */ = {
			isa = XCConfigurationList;
			buildConfigurations = (
				EDFDA6EE1DE4102700254F6C /* Debug */,
				EDFDA6EF1DE4102700254F6C /* Release */,
			);
			defaultConfigurationIsVisible = 0;
		};
/* End XCConfigurationList section */
	};
	rootObject = EDFDA6D31DE4102700254F6C /* Project object */;
}
